# THIS IS AN AUTOGENERATED FILE. DO NOT EDIT THIS FILE DIRECTLY.
# yarn lockfile v1


debug@^4.1.1:
  version "4.3.4"
  resolved "https://registry.yarnpkg.com/debug/-/debug-4.3.4.tgz#1319f6579357f2338d3337d2cdd4914bb5dcc865"
  integrity sha512-PRWFHuSU3eDtQJPvnNY7Jcket1j0t5OuOsFzPPzsekD52Zl8qUfFIPEiswXqIvHWGVHOgX+7G/vCNNhehwxfkQ==
  dependencies:
    ms "2.1.2"

estree-walker@^0.6.1:
  version "0.6.1"
  resolved "https://registry.yarnpkg.com/estree-walker/-/estree-walker-0.6.1.tgz#53049143f40c6eb918b23671d1fe3219f3a1b362"
  integrity sha512-SqmZANLWS0mnatqbSfRP5g8OXZC12Fgg1IwNtLsyHDzJizORW4khDfjPqJZsemPWBB2uqykUah5YpQ6epsqC/w==

fsevents@~2.3.2:
  version "2.3.2"
  resolved "https://registry.yarnpkg.com/fsevents/-/fsevents-2.3.2.tgz#8a526f78b8fdf4623b709e0b975c52c24c02fd1a"
  integrity sha512-xiqMQR4xAeHTuB9uWm+fFRcIOgKBMiOBP+eXiyT7jsgVCq1bkVygt00oASowB7EdtpOHaaPgKt812P9ab+DDKA==

hash-sum@^2.0.0:
  version "2.0.0"
  resolved "https://registry.yarnpkg.com/hash-sum/-/hash-sum-2.0.0.tgz#81d01bb5de8ea4a214ad5d6ead1b523460b0b45a"
  integrity sha512-WdZTbAByD+pHfl/g9QSsBIIwy8IT+EsPiKDs0KNX+zSHhdDLFKdZu0BQHljvO+0QI/BasbMSUa8wYNCZTvhslg==

ms@2.1.2:
  version "2.1.2"
  resolved "https://registry.yarnpkg.com/ms/-/ms-2.1.2.tgz#d09d1f357b443f493382a8eb3ccd183872ae6009"
  integrity sha512-sGkPx+VjMtmA6MX27oA4FBFELFCZZ4S4XqeGOXCv68tT+jb3vk/RyaKWP0PTKyWtmLSM0b+adUTEvbs1PEaH2w==

rollup-plugin-peer-deps-external@^2.2.4:
  version "2.2.4"
  resolved "https://registry.yarnpkg.com/rollup-plugin-peer-deps-external/-/rollup-plugin-peer-deps-external-2.2.4.tgz#8a420bbfd6dccc30aeb68c9bf57011f2f109570d"
  integrity sha512-AWdukIM1+k5JDdAqV/Cxd+nejvno2FVLVeZ74NKggm3Q5s9cbbcOgUPGdbxPi4BXu7xGaZ8HG12F+thImYu/0g==

rollup-plugin-vue@^6.0.0:
  version "6.0.0"
  resolved "https://registry.yarnpkg.com/rollup-plugin-vue/-/rollup-plugin-vue-6.0.0.tgz#e379e93e5ae9a8648522f698be2e452e8672aaf2"
  integrity sha512-oVvUd84d5u73M2HYM3XsMDLtZRIA/tw2U0dmHlXU2UWP5JARYHzh/U9vcxaN/x/9MrepY7VH3pHFeOhrWpxs/Q==
  dependencies:
    debug "^4.1.1"
    hash-sum "^2.0.0"
    rollup-pluginutils "^2.8.2"

rollup-pluginutils@^2.8.2:
  version "2.8.2"
  resolved "https://registry.yarnpkg.com/rollup-pluginutils/-/rollup-pluginutils-2.8.2.tgz#72f2af0748b592364dbd3389e600e5a9444a351e"
  integrity sha512-EEp9NhnUkwY8aif6bxgovPHMoMoNr2FulJziTndpt5H9RdwC47GSGuII9XxpSdzVGM0GWrNPHV6ie1LTNJPaLQ==
  dependencies:
    estree-walker "^0.6.1"

rollup@^3.26.3:
  version "3.27.0"
  resolved "https://registry.yarnpkg.com/rollup/-/rollup-3.27.0.tgz#15bd07e2e1cbfa9255bf6a3f04a432621c2f3550"
  integrity sha512-aOltLCrYZ0FhJDm7fCqwTjIUEVjWjcydKBV/Zeid6Mn8BWgDCUBBWT5beM5ieForYNo/1ZHuGJdka26kvQ3Gzg==
  optionalDependencies:
    fsevents "~2.3.2"
